
Microsoft Visual Studio Solution File, Format Version 12.00
# Visual Studio Version 16
VisualStudioVersion = 16.0.31605.320
MinimumVisualStudioVersion = 10.0.40219.1
Project("{FAE04EC0-301F-11D3-BF4B-00C04F79EFBC}") = "Cocktail", "Cocktail\Cocktail.csproj", "{2188EF23-8102-4128-AAF3-56BEEA5AD993}"
EndProject
Global
	GlobalSection(SolutionConfigurationPlatforms) = preSolution
		Debug|Any CPU = Debug|Any CPU
		Release|Any CPU = Release|Any CPU
	EndGlobalSection
	GlobalSection(ProjectConfigurationPlatforms) = postSolution
		{2188EF23-8102-4128-AAF3-56BEEA5AD993}.Debug|Any CPU.ActiveCfg = Debug|Any CPU
		{2188EF23-8102-4128-AAF3-56BEEA5AD993}.Debug|Any CPU.Build.0 = Debug|Any CPU
		{2188EF23-8102-4128-AAF3-56BEEA5AD993}.Release|Any CPU.ActiveCfg = Release|Any CPU
		{2188EF23-8102-4128-AAF3-56BEEA5AD993}.Release|Any CPU.Build.0 = Release|Any CPU
	EndGlobalSection
	GlobalSection(SolutionProperties) = preSolution
		HideSolutionNode = FALSE
	EndGlobalSection
	GlobalSection(ExtensibilityGlobals) = postSolution
		SolutionGuid = {6298F5DB-BBA6-443E-8562-8FDB028CDAA3}
	EndGlobalSection
EndGlobal
